
Microsoft Visual Studio Solution File, Format Version 12.00
# Visual Studio Version 16
VisualStudioVersion = 16.0.31624.102
MinimumVisualStudioVersion = 10.0.40219.1
Project("{FAE04EC0-301F-11D3-BF4B-00C04F79EFBC}") = "LocalDatabase.Android", "LocalDatabase.Android\LocalDatabase.Android.csproj", "{653940D4-2472-4CB7-B69A-06C206867523}"
EndProject
Project("{FAE04EC0-301F-11D3-BF4B-00C04F79EFBC}") = "LocalDatabase.iOS", "LocalDatabase.iOS\LocalDatabase.iOS.csproj", "{177C5D0F-F77A-47EF-95F4-2CFF5E484231}"
EndProject
Project("{FAE04EC0-301F-11D3-BF4B-00C04F79EFBC}") = "LocalDatabase", "LocalDatabase\LocalDatabase.csproj", "{36575D9E-67B4-4E65-AD9E-C92D91258923}"
EndProject
Global
	GlobalSection(SolutionConfigurationPlatforms) = preSolution
		Debug|Any CPU = Debug|Any CPU
		Debug|iPhone = Debug|iPhone
		Debug|iPhoneSimulator = Debug|iPhoneSimulator
		Release|Any CPU = Release|Any CPU
		Release|iPhone = Release|iPhone
		Release|iPhoneSimulator = Release|iPhoneSimulator
	EndGlobalSection
	GlobalSection(ProjectConfigurationPlatforms) = postSolution
		{653940D4-2472-4CB7-B69A-06C206867523}.Debug|Any CPU.ActiveCfg = Debug|Any CPU
		{653940D4-2472-4CB7-B69A-06C206867523}.Debug|Any CPU.Build.0 = Debug|Any CPU
		{653940D4-2472-4CB7-B69A-06C206867523}.Debug|Any CPU.Deploy.0 = Debug|Any CPU
		{653940D4-2472-4CB7-B69A-06C206867523}.Debug|iPhone.ActiveCfg = Debug|Any CPU
		{653940D4-2472-4CB7-B69A-06C206867523}.Debug|iPhone.Build.0 = Debug|Any CPU
		{653940D4-2472-4CB7-B69A-06C206867523}.Debug|iPhone.Deploy.0 = Debug|Any CPU
		{653940D4-2472-4CB7-B69A-06C206867523}.Debug|iPhoneSimulator.ActiveCfg = Debug|Any CPU
		{653940D4-2472-4CB7-B69A-06C206867523}.Debug|iPhoneSimulator.Build.0 = Debug|Any CPU
		{653940D4-2472-4CB7-B69A-06C206867523}.Debug|iPhoneSimulator.Deploy.0 = Debug|Any CPU
		{653940D4-2472-4CB7-B69A-06C206867523}.Release|Any CPU.ActiveCfg = Release|Any CPU
		{653940D4-2472-4CB7-B69A-06C206867523}.Release|Any CPU.Build.0 = Release|Any CPU
		{653940D4-2472-4CB7-B69A-06C206867523}.Release|Any CPU.Deploy.0 = Release|Any CPU
		{653940D4-2472-4CB7-B69A-06C206867523}.Release|iPhone.ActiveCfg = Release|Any CPU
		{653940D4-2472-4CB7-B69A-06C206867523}.Release|iPhone.Build.0 = Release|Any CPU
		{653940D4-2472-4CB7-B69A-06C206867523}.Release|iPhone.Deploy.0 = Release|Any CPU
		{653940D4-2472-4CB7-B69A-06C206867523}.Release|iPhoneSimulator.ActiveCfg = Release|Any CPU
		{653940D4-2472-4CB7-B69A-06C206867523}.Release|iPhoneSimulator.Build.0 = Release|Any CPU
		{653940D4-2472-4CB7-B69A-06C206867523}.Release|iPhoneSimulator.Deploy.0 = Release|Any CPU
		{177C5D0F-F77A-47EF-95F4-2CFF5E484231}.Debug|Any CPU.ActiveCfg = Debug|iPhone
		{177C5D0F-F77A-47EF-95F4-2CFF5E484231}.Debug|Any CPU.Build.0 = Debug|iPhone
		{177C5D0F-F77A-47EF-95F4-2CFF5E484231}.Debug|Any CPU.Deploy.0 = Debug|iPhone
		{177C5D0F-F77A-47EF-95F4-2CFF5E484231}.Debug|iPhone.ActiveCfg = Debug|iPhone
		{177C5D0F-F77A-47EF-95F4-2CFF5E484231}.Debug|iPhone.Build.0 = Debug|iPhone
		{177C5D0F-F77A-47EF-95F4-2CFF5E484231}.Debug|iPhone.Deploy.0 = Debug|iPhone
		{177C5D0F-F77A-47EF-95F4-2CFF5E484231}.Debug|iPhoneSimulator.ActiveCfg = Debug|iPhoneSimulator
		{177C5D0F-F77A-47EF-95F4-2CFF5E484231}.Debug|iPhoneSimulator.Build.0 = Debug|iPhoneSimulator
		{177C5D0F-F77A-47EF-95F4-2CFF5E484231}.Debug|iPhoneSimulator.Deploy.0 = Debug|iPhoneSimulator
		{177C5D0F-F77A-47EF-95F4-2CFF5E484231}.Release|Any CPU.ActiveCfg = Release|iPhoneSimulator
		{177C5D0F-F77A-47EF-95F4-2CFF5E484231}.Release|Any CPU.Build.0 = Release|iPhoneSimulator
		{177C5D0F-F77A-47EF-95F4-2CFF5E484231}.Release|Any CPU.Deploy.0 = Release|iPhoneSimulator
		{177C5D0F-F77A-47EF-95F4-2CFF5E484231}.Release|iPhone.ActiveCfg = Release|iPhone
		{177C5D0F-F77A-47EF-95F4-2CFF5E484231}.Release|iPhone.Build.0 = Release|iPhone
		{177C5D0F-F77A-47EF-95F4-2CFF5E484231}.Release|iPhone.Deploy.0 = Release|iPhone
		{177C5D0F-F77A-47EF-95F4-2CFF5E484231}.Release|iPhoneSimulator.ActiveCfg = Release|iPhoneSimulator
		{177C5D0F-F77A-47EF-95F4-2CFF5E484231}.Release|iPhoneSimulator.Build.0 = Release|iPhoneSimulator
		{177C5D0F-F77A-47EF-95F4-2CFF5E484231}.Release|iPhoneSimulator.Deploy.0 = Release|iPhoneSimulator
		{36575D9E-67B4-4E65-AD9E-C92D91258923}.Debug|Any CPU.ActiveCfg = Debug|Any CPU
		{36575D9E-67B4-4E65-AD9E-C92D91258923}.Debug|Any CPU.Build.0 = Debug|Any CPU
		{36575D9E-67B4-4E65-AD9E-C92D91258923}.Debug|Any CPU.Deploy.0 = Debug|Any CPU
		{36575D9E-67B4-4E65-AD9E-C92D91258923}.Debug|iPhone.ActiveCfg = Debug|Any CPU
		{36575D9E-67B4-4E65-AD9E-C92D91258923}.Debug|iPhone.Build.0 = Debug|Any CPU
		{36575D9E-67B4-4E65-AD9E-C92D91258923}.Debug|iPhone.Deploy.0 = Debug|Any CPU
		{36575D9E-67B4-4E65-AD9E-C92D91258923}.Debug|iPhoneSimulator.ActiveCfg = Debug|Any CPU
		{36575D9E-67B4-4E65-AD9E-C92D91258923}.Debug|iPhoneSimulator.Build.0 = Debug|Any CPU
		{36575D9E-67B4-4E65-AD9E-C92D91258923}.Debug|iPhoneSimulator.Deploy.0 = Debug|Any CPU
		{36575D9E-67B4-4E65-AD9E-C92D91258923}.Release|Any CPU.ActiveCfg = Release|Any CPU
		{36575D9E-67B4-4E65-AD9E-C92D91258923}.Release|Any CPU.Build.0 = Release|Any CPU
		{36575D9E-67B4-4E65-AD9E-C92D91258923}.Release|Any CPU.Deploy.0 = Release|Any CPU
		{36575D9E-67B4-4E65-AD9E-C92D91258923}.Release|iPhone.ActiveCfg = Release|Any CPU
		{36575D9E-67B4-4E65-AD9E-C92D91258923}.Release|iPhone.Build.0 = Release|Any CPU
		{36575D9E-67B4-4E65-AD9E-C92D91258923}.Release|iPhone.Deploy.0 = Release|Any CPU
		{36575D9E-67B4-4E65-AD9E-C92D91258923}.Release|iPhoneSimulator.ActiveCfg = Release|Any CPU
		{36575D9E-67B4-4E65-AD9E-C92D91258923}.Release|iPhoneSimulator.Build.0 = Release|Any CPU
		{36575D9E-67B4-4E65-AD9E-C92D91258923}.Release|iPhoneSimulator.Deploy.0 = Release|Any CPU
	EndGlobalSection
	GlobalSection(SolutionProperties) = preSolution
		HideSolutionNode = FALSE
	EndGlobalSection
	GlobalSection(ExtensibilityGlobals) = postSolution
		SolutionGuid = {203117C0-C84F-419B-9039-3F8908ACEF96}
	EndGlobalSection
EndGlobal
